
Microsoft Visual Studio Solution File, Format Version 12.00
# Visual Studio Version 16
VisualStudioVersion = 16.0.32126.315
MinimumVisualStudioVersion = 10.0.40219.1
Project("{FAE04EC0-301F-11D3-BF4B-00C04F79EFBC}") = "PE - Trees", "PE - Trees\PE - Trees.csproj", "{346DD3DA-4EC7-492D-8BA3-B58C87CA8244}"
EndProject
Global
	GlobalSection(SolutionConfigurationPlatforms) = preSolution
		Debug|Any CPU = Debug|Any CPU
		Release|Any CPU = Release|Any CPU
	EndGlobalSection
	GlobalSection(ProjectConfigurationPlatforms) = postSolution
		{346DD3DA-4EC7-492D-8BA3-B58C87CA8244}.Debug|Any CPU.ActiveCfg = Debug|Any CPU
		{346DD3DA-4EC7-492D-8BA3-B58C87CA8244}.Debug|Any CPU.Build.0 = Debug|Any CPU
		{346DD3DA-4EC7-492D-8BA3-B58C87CA8244}.Release|Any CPU.ActiveCfg = Release|Any CPU
		{346DD3DA-4EC7-492D-8BA3-B58C87CA8244}.Release|Any CPU.Build.0 = Release|Any CPU
	EndGlobalSection
	GlobalSection(SolutionProperties) = preSolution
		HideSolutionNode = FALSE
	EndGlobalSection
	GlobalSection(ExtensibilityGlobals) = postSolution
		SolutionGuid = {207298FF-A976-4833-8C42-08A61F3EF125}
	EndGlobalSection
EndGlobal
