
Microsoft Visual Studio Solution File, Format Version 12.00
# Visual Studio Version 16
VisualStudioVersion = 16.0.32106.194
MinimumVisualStudioVersion = 10.0.40219.1
Project("{FAE04EC0-301F-11D3-BF4B-00C04F79EFBC}") = "LiveWire", "LiveWire.csproj", "{A5B4F67A-9F89-4EDB-B7E9-F84777C611E0}"
EndProject
Global
	GlobalSection(SolutionConfigurationPlatforms) = preSolution
		Debug|Any CPU = Debug|Any CPU
		Release|Any CPU = Release|Any CPU
	EndGlobalSection
	GlobalSection(ProjectConfigurationPlatforms) = postSolution
		{A5B4F67A-9F89-4EDB-B7E9-F84777C611E0}.Debug|Any CPU.ActiveCfg = Debug|Any CPU
		{A5B4F67A-9F89-4EDB-B7E9-F84777C611E0}.Debug|Any CPU.Build.0 = Debug|Any CPU
		{A5B4F67A-9F89-4EDB-B7E9-F84777C611E0}.Release|Any CPU.ActiveCfg = Release|Any CPU
		{A5B4F67A-9F89-4EDB-B7E9-F84777C611E0}.Release|Any CPU.Build.0 = Release|Any CPU
	EndGlobalSection
	GlobalSection(SolutionProperties) = preSolution
		HideSolutionNode = FALSE
	EndGlobalSection
	GlobalSection(ExtensibilityGlobals) = postSolution
		SolutionGuid = {4A056F9B-7845-4792-AFCE-EC22D6657824}
	EndGlobalSection
EndGlobal
